// !$*UTF8*$!
{
	archiveVersion = 1;
	classes = {
	};
	objectVersion = 46;
	objects = {

/* Begin PBXBuildFile section */
		EC0194351CA3152E00F44CD3 /* PageViewControllerDataSourceByIdentifiers.swift in Sources */ = {isa = PBXBuildFile; fileRef = EC0194341CA3152E00F44CD3 /* PageViewControllerDataSourceByIdentifiers.swift */; };
		EC3A1CC51C31BC5D00530452 /* LocationIntroViewController.swift in Sources */ = {isa = PBXBuildFile; fileRef = EC3A1CC41C31BC5D00530452 /* LocationIntroViewController.swift */; };
		EC4D21921C95B66000A40DFD /* UIStoryboardExtension.swift in Sources */ = {isa = PBXBuildFile; fileRef = EC4D21911C95B66000A40DFD /* UIStoryboardExtension.swift */; };
		EC4D21961C95DAB400A40DFD /* ConfigureLocation.storyboard in Resources */ = {isa = PBXBuildFile; fileRef = EC4D21951C95DAB400A40DFD /* ConfigureLocation.storyboard */; };
		EC4D21981C95DC9B00A40DFD /* UIViewControllerExtension.swift in Sources */ = {isa = PBXBuildFile; fileRef = EC4D21971C95DC9B00A40DFD /* UIViewControllerExtension.swift */; };
		EC50BDBF1C049047002152D8 /* AppDelegate.swift in Sources */ = {isa = PBXBuildFile; fileRef = EC50BDBE1C049047002152D8 /* AppDelegate.swift */; };
		EC50BDC11C049047002152D8 /* ViewController.swift in Sources */ = {isa = PBXBuildFile; fileRef = EC50BDC01C049047002152D8 /* ViewController.swift */; };
		EC50BDC41C049047002152D8 /* Main.storyboard in Resources */ = {isa = PBXBuildFile; fileRef = EC50BDC21C049047002152D8 /* Main.storyboard */; };
		EC50BDC61C049047002152D8 /* Assets.xcassets in Resources */ = {isa = PBXBuildFile; fileRef = EC50BDC51C049047002152D8 /* Assets.xcassets */; };
		EC50BDC91C049047002152D8 /* LaunchScreen.storyboard in Resources */ = {isa = PBXBuildFile; fileRef = EC50BDC71C049047002152D8 /* LaunchScreen.storyboard */; };
		EC50BDD41C049047002152D8 /* ScoresTests.swift in Sources */ = {isa = PBXBuildFile; fileRef = EC50BDD31C049047002152D8 /* ScoresTests.swift */; };
		EC52E5861C09D97D00DB5249 /* LocationManagerDelegate.swift in Sources */ = {isa = PBXBuildFile; fileRef = EC52E5851C09D97D00DB5249 /* LocationManagerDelegate.swift */; };
		EC771C861C2FDF5A00DCCA2C /* LocationAuthorizationViewController.swift in Sources */ = {isa = PBXBuildFile; fileRef = EC771C851C2FDF5A00DCCA2C /* LocationAuthorizationViewController.swift */; };
		EC9E7E9B1C0CCC81009DF486 /* LocationManager.swift in Sources */ = {isa = PBXBuildFile; fileRef = EC9E7E9A1C0CCC81009DF486 /* LocationManager.swift */; };
		ECA8CC541C1FF59B00E71F72 /* ConfigureLocationPageViewController.swift in Sources */ = {isa = PBXBuildFile; fileRef = ECA8CC531C1FF59B00E71F72 /* ConfigureLocationPageViewController.swift */; };
		ECDFC16E1C074DEC001C0C18 /* AddLocation.storyboard in Resources */ = {isa = PBXBuildFile; fileRef = ECDFC16D1C074DEC001C0C18 /* AddLocation.storyboard */; };
		ECDFC1701C07521C001C0C18 /* AddLocationViewController.swift in Sources */ = {isa = PBXBuildFile; fileRef = ECDFC16F1C07521C001C0C18 /* AddLocationViewController.swift */; };
/* End PBXBuildFile section */

/* Begin PBXContainerItemProxy section */
		EC50BDD01C049047002152D8 /* PBXContainerItemProxy */ = {
			isa = PBXContainerItemProxy;
			containerPortal = EC50BDB31C049047002152D8 /* Project object */;
			proxyType = 1;
			remoteGlobalIDString = EC50BDBA1C049047002152D8;
			remoteInfo = Scores;
		};
/* End PBXContainerItemProxy section */

/* Begin PBXFileReference section */
		EC0194341CA3152E00F44CD3 /* PageViewControllerDataSourceByIdentifiers.swift */ = {isa = PBXFileReference; fileEncoding = 4; lastKnownFileType = sourcecode.swift; name = PageViewControllerDataSourceByIdentifiers.swift; path = UIKit/PageViewControllerDataSourceByIdentifiers.swift; sourceTree = "<group>"; };
		EC3A1CC41C31BC5D00530452 /* LocationIntroViewController.swift */ = {isa = PBXFileReference; fileEncoding = 4; lastKnownFileType = sourcecode.swift; name = LocationIntroViewController.swift; path = Location/LocationIntroViewController.swift; sourceTree = "<group>"; };
		EC4D21911C95B66000A40DFD /* UIStoryboardExtension.swift */ = {isa = PBXFileReference; fileEncoding = 4; lastKnownFileType = sourcecode.swift; name = UIStoryboardExtension.swift; path = UIKit/UIStoryboardExtension.swift; sourceTree = "<group>"; };
		EC4D21951C95DAB400A40DFD /* ConfigureLocation.storyboard */ = {isa = PBXFileReference; fileEncoding = 4; lastKnownFileType = file.storyboard; name = ConfigureLocation.storyboard; path = Location/ConfigureLocation.storyboard; sourceTree = "<group>"; };
		EC4D21971C95DC9B00A40DFD /* UIViewControllerExtension.swift */ = {isa = PBXFileReference; fileEncoding = 4; lastKnownFileType = sourcecode.swift; name = UIViewControllerExtension.swift; path = UIKit/UIViewControllerExtension.swift; sourceTree = "<group>"; };
		EC50BDBB1C049047002152D8 /* Scores.app */ = {isa = PBXFileReference; explicitFileType = wrapper.application; includeInIndex = 0; path = Scores.app; sourceTree = BUILT_PRODUCTS_DIR; };
		EC50BDBE1C049047002152D8 /* AppDelegate.swift */ = {isa = PBXFileReference; lastKnownFileType = sourcecode.swift; path = AppDelegate.swift; sourceTree = "<group>"; };
		EC50BDC01C049047002152D8 /* ViewController.swift */ = {isa = PBXFileReference; lastKnownFileType = sourcecode.swift; path = ViewController.swift; sourceTree = "<group>"; };
		EC50BDC31C049047002152D8 /* Base */ = {isa = PBXFileReference; lastKnownFileType = file.storyboard; name = Base; path = Base.lproj/Main.storyboard; sourceTree = "<group>"; };
		EC50BDC51C049047002152D8 /* Assets.xcassets */ = {isa = PBXFileReference; lastKnownFileType = folder.assetcatalog; path = Assets.xcassets; sourceTree = "<group>"; };
		EC50BDC81C049047002152D8 /* Base */ = {isa = PBXFileReference; lastKnownFileType = file.storyboard; name = Base; path = Base.lproj/LaunchScreen.storyboard; sourceTree = "<group>"; };
		EC50BDCA1C049047002152D8 /* Info.plist */ = {isa = PBXFileReference; lastKnownFileType = text.plist.xml; path = Info.plist; sourceTree = "<group>"; };
		EC50BDCF1C049047002152D8 /* ScoresTests.xctest */ = {isa = PBXFileReference; explicitFileType = wrapper.cfbundle; includeInIndex = 0; path = ScoresTests.xctest; sourceTree = BUILT_PRODUCTS_DIR; };
		EC50BDD31C049047002152D8 /* ScoresTests.swift */ = {isa = PBXFileReference; lastKnownFileType = sourcecode.swift; path = ScoresTests.swift; sourceTree = "<group>"; };
		EC50BDD51C049047002152D8 /* Info.plist */ = {isa = PBXFileReference; lastKnownFileType = text.plist.xml; path = Info.plist; sourceTree = "<group>"; };
		EC52E5851C09D97D00DB5249 /* LocationManagerDelegate.swift */ = {isa = PBXFileReference; fileEncoding = 4; lastKnownFileType = sourcecode.swift; name = LocationManagerDelegate.swift; path = Location/LocationManagerDelegate.swift; sourceTree = "<group>"; };
		EC771C851C2FDF5A00DCCA2C /* LocationAuthorizationViewController.swift */ = {isa = PBXFileReference; fileEncoding = 4; lastKnownFileType = sourcecode.swift; name = LocationAuthorizationViewController.swift; path = Location/LocationAuthorizationViewController.swift; sourceTree = "<group>"; };
		EC9E7E9A1C0CCC81009DF486 /* LocationManager.swift */ = {isa = PBXFileReference; fileEncoding = 4; lastKnownFileType = sourcecode.swift; name = LocationManager.swift; path = Location/LocationManager.swift; sourceTree = "<group>"; };
		ECA8CC531C1FF59B00E71F72 /* ConfigureLocationPageViewController.swift */ = {isa = PBXFileReference; fileEncoding = 4; lastKnownFileType = sourcecode.swift; name = ConfigureLocationPageViewController.swift; path = Location/ConfigureLocationPageViewController.swift; sourceTree = "<group>"; };
		ECDFC16D1C074DEC001C0C18 /* AddLocation.storyboard */ = {isa = PBXFileReference; fileEncoding = 4; lastKnownFileType = file.storyboard; name = AddLocation.storyboard; path = Location/AddLocation.storyboard; sourceTree = "<group>"; };
		ECDFC16F1C07521C001C0C18 /* AddLocationViewController.swift */ = {isa = PBXFileReference; fileEncoding = 4; lastKnownFileType = sourcecode.swift; name = AddLocationViewController.swift; path = Location/AddLocationViewController.swift; sourceTree = "<group>"; };
/* End PBXFileReference section */

/* Begin PBXFrameworksBuildPhase section */
		EC50BDB81C049047002152D8 /* Frameworks */ = {
			isa = PBXFrameworksBuildPhase;
			buildActionMask = 2147483647;
			files = (
			);
			runOnlyForDeploymentPostprocessing = 0;
		};
		EC50BDCC1C049047002152D8 /* Frameworks */ = {
			isa = PBXFrameworksBuildPhase;
			buildActionMask = 2147483647;
			files = (
			);
			runOnlyForDeploymentPostprocessing = 0;
		};
/* End PBXFrameworksBuildPhase section */

/* Begin PBXGroup section */
		EC4D21901C95B5A900A40DFD /* UIKit */ = {
			isa = PBXGroup;
			children = (
				EC4D21911C95B66000A40DFD /* UIStoryboardExtension.swift */,
				EC4D21971C95DC9B00A40DFD /* UIViewControllerExtension.swift */,
				EC0194341CA3152E00F44CD3 /* PageViewControllerDataSourceByIdentifiers.swift */,
			);
			name = UIKit;
			sourceTree = "<group>";
		};
		EC50BDB21C049047002152D8 = {
			isa = PBXGroup;
			children = (
				EC50BDBD1C049047002152D8 /* Scores */,
				EC50BDD21C049047002152D8 /* ScoresTests */,
				EC50BDBC1C049047002152D8 /* Products */,
			);
			sourceTree = "<group>";
		};
		EC50BDBC1C049047002152D8 /* Products */ = {
			isa = PBXGroup;
			children = (
				EC50BDBB1C049047002152D8 /* Scores.app */,
				EC50BDCF1C049047002152D8 /* ScoresTests.xctest */,
			);
			name = Products;
			sourceTree = "<group>";
		};
		EC50BDBD1C049047002152D8 /* Scores */ = {
			isa = PBXGroup;
			children = (
				EC4D21901C95B5A900A40DFD /* UIKit */,
				ECDFC16C1C074AE4001C0C18 /* Location */,
				EC50BDBE1C049047002152D8 /* AppDelegate.swift */,
				EC50BDC01C049047002152D8 /* ViewController.swift */,
				EC50BDC21C049047002152D8 /* Main.storyboard */,
				EC50BDC51C049047002152D8 /* Assets.xcassets */,
				EC50BDC71C049047002152D8 /* LaunchScreen.storyboard */,
				EC50BDCA1C049047002152D8 /* Info.plist */,
			);
			path = Scores;
			sourceTree = "<group>";
		};
		EC50BDD21C049047002152D8 /* ScoresTests */ = {
			isa = PBXGroup;
			children = (
				EC50BDD31C049047002152D8 /* ScoresTests.swift */,
				EC50BDD51C049047002152D8 /* Info.plist */,
			);
			path = ScoresTests;
			sourceTree = "<group>";
		};
		ECDFC16C1C074AE4001C0C18 /* Location */ = {
			isa = PBXGroup;
			children = (
				EC4D21951C95DAB400A40DFD /* ConfigureLocation.storyboard */,
				ECDFC16D1C074DEC001C0C18 /* AddLocation.storyboard */,
				ECDFC16F1C07521C001C0C18 /* AddLocationViewController.swift */,
				EC52E5851C09D97D00DB5249 /* LocationManagerDelegate.swift */,
				EC9E7E9A1C0CCC81009DF486 /* LocationManager.swift */,
				ECA8CC531C1FF59B00E71F72 /* ConfigureLocationPageViewController.swift */,
				EC771C851C2FDF5A00DCCA2C /* LocationAuthorizationViewController.swift */,
				EC3A1CC41C31BC5D00530452 /* LocationIntroViewController.swift */,
			);
			name = Location;
			sourceTree = "<group>";
		};
/* End PBXGroup section */

/* Begin PBXNativeTarget section */
		EC50BDBA1C049047002152D8 /* Scores */ = {
			isa = PBXNativeTarget;
			buildConfigurationList = EC50BDD81C049047002152D8 /* Build configuration list for PBXNativeTarget "Scores" */;
			buildPhases = (
				EC50BDB71C049047002152D8 /* Sources */,
				EC50BDB81C049047002152D8 /* Frameworks */,
				EC50BDB91C049047002152D8 /* Resources */,
			);
			buildRules = (
			);
			dependencies = (
			);
			name = Scores;
			productName = Scores;
			productReference = EC50BDBB1C049047002152D8 /* Scores.app */;
			productType = "com.apple.product-type.application";
		};
		EC50BDCE1C049047002152D8 /* ScoresTests */ = {
			isa = PBXNativeTarget;
			buildConfigurationList = EC50BDDB1C049047002152D8 /* Build configuration list for PBXNativeTarget "ScoresTests" */;
			buildPhases = (
				EC50BDCB1C049047002152D8 /* Sources */,
				EC50BDCC1C049047002152D8 /* Frameworks */,
				EC50BDCD1C049047002152D8 /* Resources */,
			);
			buildRules = (
			);
			dependencies = (
				EC50BDD11C049047002152D8 /* PBXTargetDependency */,
			);
			name = ScoresTests;
			productName = ScoresTests;
			productReference = EC50BDCF1C049047002152D8 /* ScoresTests.xctest */;
			productType = "com.apple.product-type.bundle.unit-test";
		};
/* End PBXNativeTarget section */

/* Begin PBXProject section */
		EC50BDB31C049047002152D8 /* Project object */ = {
			isa = PBXProject;
			attributes = {
				LastSwiftUpdateCheck = 0710;
				LastUpgradeCheck = 0710;
				ORGANIZATIONNAME = "Gustavo Russo";
				TargetAttributes = {
					EC50BDBA1C049047002152D8 = {
						CreatedOnToolsVersion = 7.1.1;
						DevelopmentTeam = R72B4JFAE4;
						SystemCapabilities = {
							com.apple.BackgroundModes = {
								enabled = 1;
							};
						};
					};
					EC50BDCE1C049047002152D8 = {
						CreatedOnToolsVersion = 7.1.1;
						DevelopmentTeam = R72B4JFAE4;
						TestTargetID = EC50BDBA1C049047002152D8;
					};
				};
			};
			buildConfigurationList = EC50BDB61C049047002152D8 /* Build configuration list for PBXProject "Scores" */;
			compatibilityVersion = "Xcode 3.2";
			developmentRegion = English;
			hasScannedForEncodings = 0;
			knownRegions = (
				en,
				Base,
			);
			mainGroup = EC50BDB21C049047002152D8;
			productRefGroup = EC50BDBC1C049047002152D8 /* Products */;
			projectDirPath = "";
			projectRoot = "";
			targets = (
				EC50BDBA1C049047002152D8 /* Scores */,
				EC50BDCE1C049047002152D8 /* ScoresTests */,
			);
		};
/* End PBXProject section */

/* Begin PBXResourcesBuildPhase section */
		EC50BDB91C049047002152D8 /* Resources */ = {
			isa = PBXResourcesBuildPhase;
			buildActionMask = 2147483647;
			files = (
				EC50BDC91C049047002152D8 /* LaunchScreen.storyboard in Resources */,
				EC50BDC61C049047002152D8 /* Assets.xcassets in Resources */,
				EC50BDC41C049047002152D8 /* Main.storyboard in Resources */,
				EC4D21961C95DAB400A40DFD /* ConfigureLocation.storyboard in Resources */,
				ECDFC16E1C074DEC001C0C18 /* AddLocation.storyboard in Resources */,
			);
			runOnlyForDeploymentPostprocessing = 0;
		};
		EC50BDCD1C049047002152D8 /* Resources */ = {
			isa = PBXResourcesBuildPhase;
			buildActionMask = 2147483647;
			files = (
			);
			runOnlyForDeploymentPostprocessing = 0;
		};
/* End PBXResourcesBuildPhase section */

/* Begin PBXSourcesBuildPhase section */
		EC50BDB71C049047002152D8 /* Sources */ = {
			isa = PBXSourcesBuildPhase;
			buildActionMask = 2147483647;
			files = (
				EC3A1CC51C31BC5D00530452 /* LocationIntroViewController.swift in Sources */,
				EC52E5861C09D97D00DB5249 /* LocationManagerDelegate.swift in Sources */,
				EC4D21981C95DC9B00A40DFD /* UIViewControllerExtension.swift in Sources */,
				ECA8CC541C1FF59B00E71F72 /* ConfigureLocationPageViewController.swift in Sources */,
				EC50BDC11C049047002152D8 /* ViewController.swift in Sources */,
				EC0194351CA3152E00F44CD3 /* PageViewControllerDataSourceByIdentifiers.swift in Sources */,
				EC4D21921C95B66000A40DFD /* UIStoryboardExtension.swift in Sources */,
				EC9E7E9B1C0CCC81009DF486 /* LocationManager.swift in Sources */,
				EC771C861C2FDF5A00DCCA2C /* LocationAuthorizationViewController.swift in Sources */,
				ECDFC1701C07521C001C0C18 /* AddLocationViewController.swift in Sources */,
				EC50BDBF1C049047002152D8 /* AppDelegate.swift in Sources */,
			);
			runOnlyForDeploymentPostprocessing = 0;
		};
		EC50BDCB1C049047002152D8 /* Sources */ = {
			isa = PBXSourcesBuildPhase;
			buildActionMask = 2147483647;
			files = (
				EC50BDD41C049047002152D8 /* ScoresTests.swift in Sources */,
			);
			runOnlyForDeploymentPostprocessing = 0;
		};
/* End PBXSourcesBuildPhase section */

/* Begin PBXTargetDependency section */
		EC50BDD11C049047002152D8 /* PBXTargetDependency */ = {
			isa = PBXTargetDependency;
			target = EC50BDBA1C049047002152D8 /* Scores */;
			targetProxy = EC50BDD01C049047002152D8 /* PBXContainerItemProxy */;
		};
/* End PBXTargetDependency section */

/* Begin PBXVariantGroup section */
		EC50BDC21C049047002152D8 /* Main.storyboard */ = {
			isa = PBXVariantGroup;
			children = (
				EC50BDC31C049047002152D8 /* Base */,
			);
			name = Main.storyboard;
			sourceTree = "<group>";
		};
		EC50BDC71C049047002152D8 /* LaunchScreen.storyboard */ = {
			isa = PBXVariantGroup;
			children = (
				EC50BDC81C049047002152D8 /* Base */,
			);
			name = LaunchScreen.storyboard;
			sourceTree = "<group>";
		};
/* End PBXVariantGroup section */

/* Begin XCBuildConfiguration section */
		EC50BDD61C049047002152D8 /* Debug */ = {
			isa = XCBuildConfiguration;
			buildSettings = {
				ALWAYS_SEARCH_USER_PATHS = NO;
				CLANG_CXX_LANGUAGE_STANDARD = "gnu++0x";
				CLANG_CXX_LIBRARY = "libc++";
				CLANG_ENABLE_MODULES = YES;
				CLANG_ENABLE_OBJC_ARC = YES;
				CLANG_WARN_BOOL_CONVERSION = YES;
				CLANG_WARN_CONSTANT_CONVERSION = YES;
				CLANG_WARN_DIRECT_OBJC_ISA_USAGE = YES_ERROR;
				CLANG_WARN_EMPTY_BODY = YES;
				CLANG_WARN_ENUM_CONVERSION = YES;
				CLANG_WARN_INT_CONVERSION = YES;
				CLANG_WARN_OBJC_ROOT_CLASS = YES_ERROR;
				CLANG_WARN_UNREACHABLE_CODE = YES;
				CLANG_WARN__DUPLICATE_METHOD_MATCH = YES;
				"CODE_SIGN_IDENTITY[sdk=iphoneos*]" = "iPhone Developer";
				COPY_PHASE_STRIP = NO;
				DEBUG_INFORMATION_FORMAT = dwarf;
				ENABLE_STRICT_OBJC_MSGSEND = YES;
				ENABLE_TESTABILITY = YES;
				GCC_C_LANGUAGE_STANDARD = gnu99;
				GCC_DYNAMIC_NO_PIC = NO;
				GCC_NO_COMMON_BLOCKS = YES;
				GCC_OPTIMIZATION_LEVEL = 0;
				GCC_PREPROCESSOR_DEFINITIONS = (
					"DEBUG=1",
					"$(inherited)",
				);
				GCC_WARN_64_TO_32_BIT_CONVERSION = YES;
				GCC_WARN_ABOUT_RETURN_TYPE = YES_ERROR;
				GCC_WARN_UNDECLARED_SELECTOR = YES;
				GCC_WARN_UNINITIALIZED_AUTOS = YES_AGGRESSIVE;
				GCC_WARN_UNUSED_FUNCTION = YES;
				GCC_WARN_UNUSED_VARIABLE = YES;
				IPHONEOS_DEPLOYMENT_TARGET = 9.1;
				MTL_ENABLE_DEBUG_INFO = YES;
				ONLY_ACTIVE_ARCH = YES;
				SDKROOT = iphoneos;
				SWIFT_OPTIMIZATION_LEVEL = "-Onone";
				TARGETED_DEVICE_FAMILY = "1,2";
			};
			name = Debug;
		};
		EC50BDD71C049047002152D8 /* Release */ = {
			isa = XCBuildConfiguration;
			buildSettings = {
				ALWAYS_SEARCH_USER_PATHS = NO;
				CLANG_CXX_LANGUAGE_STANDARD = "gnu++0x";
				CLANG_CXX_LIBRARY = "libc++";
				CLANG_ENABLE_MODULES = YES;
				CLANG_ENABLE_OBJC_ARC = YES;
				CLANG_WARN_BOOL_CONVERSION = YES;
				CLANG_WARN_CONSTANT_CONVERSION = YES;
				CLANG_WARN_DIRECT_OBJC_ISA_USAGE = YES_ERROR;
				CLANG_WARN_EMPTY_BODY = YES;
				CLANG_WARN_ENUM_CONVERSION = YES;
				CLANG_WARN_INT_CONVERSION = YES;
				CLANG_WARN_OBJC_ROOT_CLASS = YES_ERROR;
				CLANG_WARN_UNREACHABLE_CODE = YES;
				CLANG_WARN__DUPLICATE_METHOD_MATCH = YES;
				"CODE_SIGN_IDENTITY[sdk=iphoneos*]" = "iPhone Developer";
				COPY_PHASE_STRIP = NO;
				DEBUG_INFORMATION_FORMAT = "dwarf-with-dsym";
				ENABLE_NS_ASSERTIONS = NO;
				ENABLE_STRICT_OBJC_MSGSEND = YES;
				GCC_C_LANGUAGE_STANDARD = gnu99;
				GCC_NO_COMMON_BLOCKS = YES;
				GCC_WARN_64_TO_32_BIT_CONVERSION = YES;
				GCC_WARN_ABOUT_RETURN_TYPE = YES_ERROR;
				GCC_WARN_UNDECLARED_SELECTOR = YES;
				GCC_WARN_UNINITIALIZED_AUTOS = YES_AGGRESSIVE;
				GCC_WARN_UNUSED_FUNCTION = YES;
				GCC_WARN_UNUSED_VARIABLE = YES;
				IPHONEOS_DEPLOYMENT_TARGET = 9.1;
				MTL_ENABLE_DEBUG_INFO = NO;
				SDKROOT = iphoneos;
				TARGETED_DEVICE_FAMILY = "1,2";
				VALIDATE_PRODUCT = YES;
			};
			name = Release;
		};
		EC50BDD91C049047002152D8 /* Debug */ = {
			isa = XCBuildConfiguration;
			buildSettings = {
				ASSETCATALOG_COMPILER_APPICON_NAME = AppIcon;
				INFOPLIST_FILE = Scores/Info.plist;
				LD_RUNPATH_SEARCH_PATHS = "$(inherited) @executable_path/Frameworks";
				PRODUCT_BUNDLE_IDENTIFIER = com.GustavoRusso.Scores;
				PRODUCT_NAME = "$(TARGET_NAME)";
			};
			name = Debug;
		};
		EC50BDDA1C049047002152D8 /* Release */ = {
			isa = XCBuildConfiguration;
			buildSettings = {
				ASSETCATALOG_COMPILER_APPICON_NAME = AppIcon;
				INFOPLIST_FILE = Scores/Info.plist;
				LD_RUNPATH_SEARCH_PATHS = "$(inherited) @executable_path/Frameworks";
				PRODUCT_BUNDLE_IDENTIFIER = com.GustavoRusso.Scores;
				PRODUCT_NAME = "$(TARGET_NAME)";
			};
			name = Release;
		};
		EC50BDDC1C049047002152D8 /* Debug */ = {
			isa = XCBuildConfiguration;
			buildSettings = {
				BUNDLE_LOADER = "$(TEST_HOST)";
				INFOPLIST_FILE = ScoresTests/Info.plist;
				LD_RUNPATH_SEARCH_PATHS = "$(inherited) @executable_path/Frameworks @loader_path/Frameworks";
				PRODUCT_BUNDLE_IDENTIFIER = com.GustavoRusso.ScoresTests;
				PRODUCT_NAME = "$(TARGET_NAME)";
				TEST_HOST = "$(BUILT_PRODUCTS_DIR)/Scores.app/Scores";
			};
			name = Debug;
		};
		EC50BDDD1C049047002152D8 /* Release */ = {
			isa = XCBuildConfiguration;
			buildSettings = {
				BUNDLE_LOADER = "$(TEST_HOST)";
				INFOPLIST_FILE = ScoresTests/Info.plist;
				LD_RUNPATH_SEARCH_PATHS = "$(inherited) @executable_path/Frameworks @loader_path/Frameworks";
				PRODUCT_BUNDLE_IDENTIFIER = com.GustavoRusso.ScoresTests;
				PRODUCT_NAME = "$(TARGET_NAME)";
				TEST_HOST = "$(BUILT_PRODUCTS_DIR)/Scores.app/Scores";
			};
			name = Release;
		};
/* End XCBuildConfiguration section */

/* Begin XCConfigurationList section */
		EC50BDB61C049047002152D8 /* Build configuration list for PBXProject "Scores" */ = {
			isa = XCConfigurationList;
			buildConfigurations = (
				EC50BDD61C049047002152D8 /* Debug */,
				EC50BDD71C049047002152D8 /* Release */,
			);
			defaultConfigurationIsVisible = 0;
			defaultConfigurationName = Release;
		};
		EC50BDD81C049047002152D8 /* Build configuration list for PBXNativeTarget "Scores" */ = {
			isa = XCConfigurationList;
			buildConfigurations = (
				EC50BDD91C049047002152D8 /* Debug */,
				EC50BDDA1C049047002152D8 /* Release */,
			);
			defaultConfigurationIsVisible = 0;
			defaultConfigurationName = Release;
		};
		EC50BDDB1C049047002152D8 /* Build configuration list for PBXNativeTarget "ScoresTests" */ = {
			isa = XCConfigurationList;
			buildConfigurations = (
				EC50BDDC1C049047002152D8 /* Debug */,
				EC50BDDD1C049047002152D8 /* Release */,
			);
			defaultConfigurationIsVisible = 0;
			defaultConfigurationName = Release;
		};
/* End XCConfigurationList section */
	};
	rootObject = EC50BDB31C049047002152D8 /* Project object */;
}
